
Microsoft Visual Studio Solution File, Format Version 12.00
# Visual Studio Version 17
VisualStudioVersion = 17.0.31912.275
MinimumVisualStudioVersion = 10.0.40219.1
Project("{FAE04EC0-301F-11D3-BF4B-00C04F79EFBC}") = "WebApi", "WebApi\WebApi.csproj", "{8832F6C4-EC57-4BB9-BA87-7F3F020C0C98}"
EndProject
Project("{FAE04EC0-301F-11D3-BF4B-00C04F79EFBC}") = "DAL", "DAL\DAL.csproj", "{336087E0-1FFD-4C22-980E-19ACA49DC3DA}"
EndProject
Project("{FAE04EC0-301F-11D3-BF4B-00C04F79EFBC}") = "WebAppConsumeAPI", "WebAppConsumeAPI\WebAppConsumeAPI.csproj", "{EC848946-A7A2-4292-B6E1-8C722C0EB380}"
EndProject
Global
	GlobalSection(SolutionConfigurationPlatforms) = preSolution
		Debug|Any CPU = Debug|Any CPU
		Release|Any CPU = Release|Any CPU
	EndGlobalSection
	GlobalSection(ProjectConfigurationPlatforms) = postSolution
		{8832F6C4-EC57-4BB9-BA87-7F3F020C0C98}.Debug|Any CPU.ActiveCfg = Debug|Any CPU
		{8832F6C4-EC57-4BB9-BA87-7F3F020C0C98}.Debug|Any CPU.Build.0 = Debug|Any CPU
		{8832F6C4-EC57-4BB9-BA87-7F3F020C0C98}.Release|Any CPU.ActiveCfg = Release|Any CPU
		{8832F6C4-EC57-4BB9-BA87-7F3F020C0C98}.Release|Any CPU.Build.0 = Release|Any CPU
		{336087E0-1FFD-4C22-980E-19ACA49DC3DA}.Debug|Any CPU.ActiveCfg = Debug|Any CPU
		{336087E0-1FFD-4C22-980E-19ACA49DC3DA}.Debug|Any CPU.Build.0 = Debug|Any CPU
		{336087E0-1FFD-4C22-980E-19ACA49DC3DA}.Release|Any CPU.ActiveCfg = Release|Any CPU
		{336087E0-1FFD-4C22-980E-19ACA49DC3DA}.Release|Any CPU.Build.0 = Release|Any CPU
		{EC848946-A7A2-4292-B6E1-8C722C0EB380}.Debug|Any CPU.ActiveCfg = Debug|Any CPU
		{EC848946-A7A2-4292-B6E1-8C722C0EB380}.Debug|Any CPU.Build.0 = Debug|Any CPU
		{EC848946-A7A2-4292-B6E1-8C722C0EB380}.Release|Any CPU.ActiveCfg = Release|Any CPU
		{EC848946-A7A2-4292-B6E1-8C722C0EB380}.Release|Any CPU.Build.0 = Release|Any CPU
	EndGlobalSection
	GlobalSection(SolutionProperties) = preSolution
		HideSolutionNode = FALSE
	EndGlobalSection
	GlobalSection(ExtensibilityGlobals) = postSolution
		SolutionGuid = {F6BDD319-070A-4C41-A324-69A237A749D7}
	EndGlobalSection
EndGlobal
